// !$*UTF8*$!
{
	archiveVersion = 1;
	classes = {
	};
	objectVersion = 46;
	objects = {

/* Begin PBXBuildFile section */
		FA140D021CCFA51D000A80D5 /* MenuScene.swift in Sources */ = {isa = PBXBuildFile; fileRef = FA140D011CCFA51D000A80D5 /* MenuScene.swift */; };
		FA140D041CCFA596000A80D5 /* MenuScene.sks in Resources */ = {isa = PBXBuildFile; fileRef = FA140D031CCFA596000A80D5 /* MenuScene.sks */; };
		FA1642A11CC82FB5005933AB /* AppDelegate.swift in Sources */ = {isa = PBXBuildFile; fileRef = FA1642A01CC82FB5005933AB /* AppDelegate.swift */; };
		FA1642A31CC82FB5005933AB /* GameScene.sks in Resources */ = {isa = PBXBuildFile; fileRef = FA1642A21CC82FB5005933AB /* GameScene.sks */; };
		FA1642A51CC82FB5005933AB /* GameScene.swift in Sources */ = {isa = PBXBuildFile; fileRef = FA1642A41CC82FB5005933AB /* GameScene.swift */; };
		FA1642A71CC82FB5005933AB /* GameViewController.swift in Sources */ = {isa = PBXBuildFile; fileRef = FA1642A61CC82FB5005933AB /* GameViewController.swift */; };
		FA1642AA1CC82FB5005933AB /* Main.storyboard in Resources */ = {isa = PBXBuildFile; fileRef = FA1642A81CC82FB5005933AB /* Main.storyboard */; };
		FA1642AC1CC82FB5005933AB /* Assets.xcassets in Resources */ = {isa = PBXBuildFile; fileRef = FA1642AB1CC82FB5005933AB /* Assets.xcassets */; };
		FA1642AF1CC82FB5005933AB /* LaunchScreen.storyboard in Resources */ = {isa = PBXBuildFile; fileRef = FA1642AD1CC82FB5005933AB /* LaunchScreen.storyboard */; };
		FA1642BA1CC82FB6005933AB /* AsteroidsTests.swift in Sources */ = {isa = PBXBuildFile; fileRef = FA1642B91CC82FB6005933AB /* AsteroidsTests.swift */; };
		FA1642C51CC82FB6005933AB /* AsteroidsUITests.swift in Sources */ = {isa = PBXBuildFile; fileRef = FA1642C41CC82FB6005933AB /* AsteroidsUITests.swift */; };
		FAB5EC051CE1B605005551B4 /* GameSceneMiller.swift in Sources */ = {isa = PBXBuildFile; fileRef = FAB5EC041CE1B605005551B4 /* GameSceneMiller.swift */; };
		FAB5EC071CE1BA99005551B4 /* GameSceneMiller.sks in Resources */ = {isa = PBXBuildFile; fileRef = FAB5EC061CE1BA99005551B4 /* GameSceneMiller.sks */; };
		FAB5EC091CE1BAED005551B4 /* GameSceneLee.sks in Resources */ = {isa = PBXBuildFile; fileRef = FAB5EC081CE1BAED005551B4 /* GameSceneLee.sks */; };
		FAB5EC0B1CE1BB0A005551B4 /* GameSceneLee.swift in Sources */ = {isa = PBXBuildFile; fileRef = FAB5EC0A1CE1BB0A005551B4 /* GameSceneLee.swift */; };
/* End PBXBuildFile section */

/* Begin PBXContainerItemProxy section */
		FA1642B61CC82FB6005933AB /* PBXContainerItemProxy */ = {
			isa = PBXContainerItemProxy;
			containerPortal = FA1642951CC82FB5005933AB /* Project object */;
			proxyType = 1;
			remoteGlobalIDString = FA16429C1CC82FB5005933AB;
			remoteInfo = Asteroids;
		};
		FA1642C11CC82FB6005933AB /* PBXContainerItemProxy */ = {
			isa = PBXContainerItemProxy;
			containerPortal = FA1642951CC82FB5005933AB /* Project object */;
			proxyType = 1;
			remoteGlobalIDString = FA16429C1CC82FB5005933AB;
			remoteInfo = Asteroids;
		};
/* End PBXContainerItemProxy section */

/* Begin PBXFileReference section */
		FA140D011CCFA51D000A80D5 /* MenuScene.swift */ = {isa = PBXFileReference; fileEncoding = 4; lastKnownFileType = sourcecode.swift; path = MenuScene.swift; sourceTree = "<group>"; };
		FA140D031CCFA596000A80D5 /* MenuScene.sks */ = {isa = PBXFileReference; lastKnownFileType = file.sks; path = MenuScene.sks; sourceTree = "<group>"; };
		FA16429D1CC82FB5005933AB /* Asteroids.app */ = {isa = PBXFileReference; explicitFileType = wrapper.application; includeInIndex = 0; path = Asteroids.app; sourceTree = BUILT_PRODUCTS_DIR; };
		FA1642A01CC82FB5005933AB /* AppDelegate.swift */ = {isa = PBXFileReference; lastKnownFileType = sourcecode.swift; path = AppDelegate.swift; sourceTree = "<group>"; };
		FA1642A21CC82FB5005933AB /* GameScene.sks */ = {isa = PBXFileReference; lastKnownFileType = file.sks; path = GameScene.sks; sourceTree = "<group>"; };
		FA1642A41CC82FB5005933AB /* GameScene.swift */ = {isa = PBXFileReference; lastKnownFileType = sourcecode.swift; path = GameScene.swift; sourceTree = "<group>"; };
		FA1642A61CC82FB5005933AB /* GameViewController.swift */ = {isa = PBXFileReference; lastKnownFileType = sourcecode.swift; path = GameViewController.swift; sourceTree = "<group>"; };
		FA1642A91CC82FB5005933AB /* Base */ = {isa = PBXFileReference; lastKnownFileType = file.storyboard; name = Base; path = Base.lproj/Main.storyboard; sourceTree = "<group>"; };
		FA1642AB1CC82FB5005933AB /* Assets.xcassets */ = {isa = PBXFileReference; lastKnownFileType = folder.assetcatalog; path = Assets.xcassets; sourceTree = "<group>"; };
		FA1642AE1CC82FB5005933AB /* Base */ = {isa = PBXFileReference; lastKnownFileType = file.storyboard; name = Base; path = Base.lproj/LaunchScreen.storyboard; sourceTree = "<group>"; };
		FA1642B01CC82FB5005933AB /* Info.plist */ = {isa = PBXFileReference; lastKnownFileType = text.plist.xml; path = Info.plist; sourceTree = "<group>"; };
		FA1642B51CC82FB6005933AB /* AsteroidsTests.xctest */ = {isa = PBXFileReference; explicitFileType = wrapper.cfbundle; includeInIndex = 0; path = AsteroidsTests.xctest; sourceTree = BUILT_PRODUCTS_DIR; };
		FA1642B91CC82FB6005933AB /* AsteroidsTests.swift */ = {isa = PBXFileReference; lastKnownFileType = sourcecode.swift; path = AsteroidsTests.swift; sourceTree = "<group>"; };
		FA1642BB1CC82FB6005933AB /* Info.plist */ = {isa = PBXFileReference; lastKnownFileType = text.plist.xml; path = Info.plist; sourceTree = "<group>"; };
		FA1642C01CC82FB6005933AB /* AsteroidsUITests.xctest */ = {isa = PBXFileReference; explicitFileType = wrapper.cfbundle; includeInIndex = 0; path = AsteroidsUITests.xctest; sourceTree = BUILT_PRODUCTS_DIR; };
		FA1642C41CC82FB6005933AB /* AsteroidsUITests.swift */ = {isa = PBXFileReference; lastKnownFileType = sourcecode.swift; path = AsteroidsUITests.swift; sourceTree = "<group>"; };
		FA1642C61CC82FB6005933AB /* Info.plist */ = {isa = PBXFileReference; lastKnownFileType = text.plist.xml; path = Info.plist; sourceTree = "<group>"; };
		FAB5EC041CE1B605005551B4 /* GameSceneMiller.swift */ = {isa = PBXFileReference; fileEncoding = 4; lastKnownFileType = sourcecode.swift; path = GameSceneMiller.swift; sourceTree = "<group>"; };
		FAB5EC061CE1BA99005551B4 /* GameSceneMiller.sks */ = {isa = PBXFileReference; lastKnownFileType = file.sks; path = GameSceneMiller.sks; sourceTree = "<group>"; };
		FAB5EC081CE1BAED005551B4 /* GameSceneLee.sks */ = {isa = PBXFileReference; lastKnownFileType = file.sks; path = GameSceneLee.sks; sourceTree = "<group>"; };
		FAB5EC0A1CE1BB0A005551B4 /* GameSceneLee.swift */ = {isa = PBXFileReference; fileEncoding = 4; lastKnownFileType = sourcecode.swift; path = GameSceneLee.swift; sourceTree = "<group>"; };
/* End PBXFileReference section */

/* Begin PBXFrameworksBuildPhase section */
		FA16429A1CC82FB5005933AB /* Frameworks */ = {
			isa = PBXFrameworksBuildPhase;
			buildActionMask = 2147483647;
			files = (
			);
			runOnlyForDeploymentPostprocessing = 0;
		};
		FA1642B21CC82FB6005933AB /* Frameworks */ = {
			isa = PBXFrameworksBuildPhase;
			buildActionMask = 2147483647;
			files = (
			);
			runOnlyForDeploymentPostprocessing = 0;
		};
		FA1642BD1CC82FB6005933AB /* Frameworks */ = {
			isa = PBXFrameworksBuildPhase;
			buildActionMask = 2147483647;
			files = (
			);
			runOnlyForDeploymentPostprocessing = 0;
		};
/* End PBXFrameworksBuildPhase section */

/* Begin PBXGroup section */
		FA1642941CC82FB5005933AB = {
			isa = PBXGroup;
			children = (
				FA16429F1CC82FB5005933AB /* Asteroids */,
				FA1642B81CC82FB6005933AB /* AsteroidsTests */,
				FA1642C31CC82FB6005933AB /* AsteroidsUITests */,
				FA16429E1CC82FB5005933AB /* Products */,
			);
			sourceTree = "<group>";
		};
		FA16429E1CC82FB5005933AB /* Products */ = {
			isa = PBXGroup;
			children = (
				FA16429D1CC82FB5005933AB /* Asteroids.app */,
				FA1642B51CC82FB6005933AB /* AsteroidsTests.xctest */,
				FA1642C01CC82FB6005933AB /* AsteroidsUITests.xctest */,
			);
			name = Products;
			sourceTree = "<group>";
		};
		FA16429F1CC82FB5005933AB /* Asteroids */ = {
			isa = PBXGroup;
			children = (
				FA1642A01CC82FB5005933AB /* AppDelegate.swift */,
				FAB5EC081CE1BAED005551B4 /* GameSceneLee.sks */,
				FAB5EC061CE1BA99005551B4 /* GameSceneMiller.sks */,
				FA1642A21CC82FB5005933AB /* GameScene.sks */,
				FA140D031CCFA596000A80D5 /* MenuScene.sks */,
				FA1642A41CC82FB5005933AB /* GameScene.swift */,
				FAB5EC041CE1B605005551B4 /* GameSceneMiller.swift */,
				FAB5EC0A1CE1BB0A005551B4 /* GameSceneLee.swift */,
				FA140D011CCFA51D000A80D5 /* MenuScene.swift */,
				FA1642A61CC82FB5005933AB /* GameViewController.swift */,
				FA1642A81CC82FB5005933AB /* Main.storyboard */,
				FA1642AB1CC82FB5005933AB /* Assets.xcassets */,
				FA1642AD1CC82FB5005933AB /* LaunchScreen.storyboard */,
				FA1642B01CC82FB5005933AB /* Info.plist */,
			);
			path = Asteroids;
			sourceTree = "<group>";
		};
		FA1642B81CC82FB6005933AB /* AsteroidsTests */ = {
			isa = PBXGroup;
			children = (
				FA1642B91CC82FB6005933AB /* AsteroidsTests.swift */,
				FA1642BB1CC82FB6005933AB /* Info.plist */,
			);
			path = AsteroidsTests;
			sourceTree = "<group>";
		};
		FA1642C31CC82FB6005933AB /* AsteroidsUITests */ = {
			isa = PBXGroup;
			children = (
				FA1642C41CC82FB6005933AB /* AsteroidsUITests.swift */,
				FA1642C61CC82FB6005933AB /* Info.plist */,
			);
			path = AsteroidsUITests;
			sourceTree = "<group>";
		};
/* End PBXGroup section */

/* Begin PBXNativeTarget section */
		FA16429C1CC82FB5005933AB /* Asteroids */ = {
			isa = PBXNativeTarget;
			buildConfigurationList = FA1642C91CC82FB6005933AB /* Build configuration list for PBXNativeTarget "Asteroids" */;
			buildPhases = (
				FA1642991CC82FB5005933AB /* Sources */,
				FA16429A1CC82FB5005933AB /* Frameworks */,
				FA16429B1CC82FB5005933AB /* Resources */,
			);
			buildRules = (
			);
			dependencies = (
			);
			name = Asteroids;
			productName = Asteroids;
			productReference = FA16429D1CC82FB5005933AB /* Asteroids.app */;
			productType = "com.apple.product-type.application";
		};
		FA1642B41CC82FB6005933AB /* AsteroidsTests */ = {
			isa = PBXNativeTarget;
			buildConfigurationList = FA1642CC1CC82FB6005933AB /* Build configuration list for PBXNativeTarget "AsteroidsTests" */;
			buildPhases = (
				FA1642B11CC82FB6005933AB /* Sources */,
				FA1642B21CC82FB6005933AB /* Frameworks */,
				FA1642B31CC82FB6005933AB /* Resources */,
			);
			buildRules = (
			);
			dependencies = (
				FA1642B71CC82FB6005933AB /* PBXTargetDependency */,
			);
			name = AsteroidsTests;
			productName = AsteroidsTests;
			productReference = FA1642B51CC82FB6005933AB /* AsteroidsTests.xctest */;
			productType = "com.apple.product-type.bundle.unit-test";
		};
		FA1642BF1CC82FB6005933AB /* AsteroidsUITests */ = {
			isa = PBXNativeTarget;
			buildConfigurationList = FA1642CF1CC82FB6005933AB /* Build configuration list for PBXNativeTarget "AsteroidsUITests" */;
			buildPhases = (
				FA1642BC1CC82FB6005933AB /* Sources */,
				FA1642BD1CC82FB6005933AB /* Frameworks */,
				FA1642BE1CC82FB6005933AB /* Resources */,
			);
			buildRules = (
			);
			dependencies = (
				FA1642C21CC82FB6005933AB /* PBXTargetDependency */,
			);
			name = AsteroidsUITests;
			productName = AsteroidsUITests;
			productReference = FA1642C01CC82FB6005933AB /* AsteroidsUITests.xctest */;
			productType = "com.apple.product-type.bundle.ui-testing";
		};
/* End PBXNativeTarget section */

/* Begin PBXProject section */
		FA1642951CC82FB5005933AB /* Project object */ = {
			isa = PBXProject;
			attributes = {
				LastSwiftUpdateCheck = 0720;
				LastUpgradeCheck = 0720;
				ORGANIZATIONNAME = "Lucas Kane";
				TargetAttributes = {
					FA16429C1CC82FB5005933AB = {
						CreatedOnToolsVersion = 7.2.1;
					};
					FA1642B41CC82FB6005933AB = {
						CreatedOnToolsVersion = 7.2.1;
						TestTargetID = FA16429C1CC82FB5005933AB;
					};
					FA1642BF1CC82FB6005933AB = {
						CreatedOnToolsVersion = 7.2.1;
						TestTargetID = FA16429C1CC82FB5005933AB;
					};
				};
			};
			buildConfigurationList = FA1642981CC82FB5005933AB /* Build configuration list for PBXProject "Asteroids" */;
			compatibilityVersion = "Xcode 3.2";
			developmentRegion = English;
			hasScannedForEncodings = 0;
			knownRegions = (
				en,
				Base,
			);
			mainGroup = FA1642941CC82FB5005933AB;
			productRefGroup = FA16429E1CC82FB5005933AB /* Products */;
			projectDirPath = "";
			projectRoot = "";
			targets = (
				FA16429C1CC82FB5005933AB /* Asteroids */,
				FA1642B41CC82FB6005933AB /* AsteroidsTests */,
				FA1642BF1CC82FB6005933AB /* AsteroidsUITests */,
			);
		};
/* End PBXProject section */

/* Begin PBXResourcesBuildPhase section */
		FA16429B1CC82FB5005933AB /* Resources */ = {
			isa = PBXResourcesBuildPhase;
			buildActionMask = 2147483647;
			files = (
				FA1642A31CC82FB5005933AB /* GameScene.sks in Resources */,
				FA1642AF1CC82FB5005933AB /* LaunchScreen.storyboard in Resources */,
				FAB5EC091CE1BAED005551B4 /* GameSceneLee.sks in Resources */,
				FA1642AC1CC82FB5005933AB /* Assets.xcassets in Resources */,
				FA140D041CCFA596000A80D5 /* MenuScene.sks in Resources */,
				FA1642AA1CC82FB5005933AB /* Main.storyboard in Resources */,
				FAB5EC071CE1BA99005551B4 /* GameSceneMiller.sks in Resources */,
			);
			runOnlyForDeploymentPostprocessing = 0;
		};
		FA1642B31CC82FB6005933AB /* Resources */ = {
			isa = PBXResourcesBuildPhase;
			buildActionMask = 2147483647;
			files = (
			);
			runOnlyForDeploymentPostprocessing = 0;
		};
		FA1642BE1CC82FB6005933AB /* Resources */ = {
			isa = PBXResourcesBuildPhase;
			buildActionMask = 2147483647;
			files = (
			);
			runOnlyForDeploymentPostprocessing = 0;
		};
/* End PBXResourcesBuildPhase section */

/* Begin PBXSourcesBuildPhase section */
		FA1642991CC82FB5005933AB /* Sources */ = {
			isa = PBXSourcesBuildPhase;
			buildActionMask = 2147483647;
			files = (
				FAB5EC051CE1B605005551B4 /* GameSceneMiller.swift in Sources */,
				FA1642A51CC82FB5005933AB /* GameScene.swift in Sources */,
				FA140D021CCFA51D000A80D5 /* MenuScene.swift in Sources */,
				FAB5EC0B1CE1BB0A005551B4 /* GameSceneLee.swift in Sources */,
				FA1642A71CC82FB5005933AB /* GameViewController.swift in Sources */,
				FA1642A11CC82FB5005933AB /* AppDelegate.swift in Sources */,
			);
			runOnlyForDeploymentPostprocessing = 0;
		};
		FA1642B11CC82FB6005933AB /* Sources */ = {
			isa = PBXSourcesBuildPhase;
			buildActionMask = 2147483647;
			files = (
				FA1642BA1CC82FB6005933AB /* AsteroidsTests.swift in Sources */,
			);
			runOnlyForDeploymentPostprocessing = 0;
		};
		FA1642BC1CC82FB6005933AB /* Sources */ = {
			isa = PBXSourcesBuildPhase;
			buildActionMask = 2147483647;
			files = (
				FA1642C51CC82FB6005933AB /* AsteroidsUITests.swift in Sources */,
			);
			runOnlyForDeploymentPostprocessing = 0;
		};
/* End PBXSourcesBuildPhase section */

/* Begin PBXTargetDependency section */
		FA1642B71CC82FB6005933AB /* PBXTargetDependency */ = {
			isa = PBXTargetDependency;
			target = FA16429C1CC82FB5005933AB /* Asteroids */;
			targetProxy = FA1642B61CC82FB6005933AB /* PBXContainerItemProxy */;
		};
		FA1642C21CC82FB6005933AB /* PBXTargetDependency */ = {
			isa = PBXTargetDependency;
			target = FA16429C1CC82FB5005933AB /* Asteroids */;
			targetProxy = FA1642C11CC82FB6005933AB /* PBXContainerItemProxy */;
		};
/* End PBXTargetDependency section */

/* Begin PBXVariantGroup section */
		FA1642A81CC82FB5005933AB /* Main.storyboard */ = {
			isa = PBXVariantGroup;
			children = (
				FA1642A91CC82FB5005933AB /* Base */,
			);
			name = Main.storyboard;
			sourceTree = "<group>";
		};
		FA1642AD1CC82FB5005933AB /* LaunchScreen.storyboard */ = {
			isa = PBXVariantGroup;
			children = (
				FA1642AE1CC82FB5005933AB /* Base */,
			);
			name = LaunchScreen.storyboard;
			sourceTree = "<group>";
		};
/* End PBXVariantGroup section */

/* Begin XCBuildConfiguration section */
		FA1642C71CC82FB6005933AB /* Debug */ = {
			isa = XCBuildConfiguration;
			buildSettings = {
				ALWAYS_SEARCH_USER_PATHS = NO;
				CLANG_CXX_LANGUAGE_STANDARD = "gnu++0x";
				CLANG_CXX_LIBRARY = "libc++";
				CLANG_ENABLE_MODULES = YES;
				CLANG_ENABLE_OBJC_ARC = YES;
				CLANG_WARN_BOOL_CONVERSION = YES;
				CLANG_WARN_CONSTANT_CONVERSION = YES;
				CLANG_WARN_DIRECT_OBJC_ISA_USAGE = YES_ERROR;
				CLANG_WARN_EMPTY_BODY = YES;
				CLANG_WARN_ENUM_CONVERSION = YES;
				CLANG_WARN_INT_CONVERSION = YES;
				CLANG_WARN_OBJC_ROOT_CLASS = YES_ERROR;
				CLANG_WARN_UNREACHABLE_CODE = YES;
				CLANG_WARN__DUPLICATE_METHOD_MATCH = YES;
				"CODE_SIGN_IDENTITY[sdk=iphoneos*]" = "iPhone Developer";
				COPY_PHASE_STRIP = NO;
				DEBUG_INFORMATION_FORMAT = "dwarf-with-dsym";
				ENABLE_STRICT_OBJC_MSGSEND = YES;
				ENABLE_TESTABILITY = YES;
				GCC_C_LANGUAGE_STANDARD = gnu99;
				GCC_DYNAMIC_NO_PIC = NO;
				GCC_NO_COMMON_BLOCKS = YES;
				GCC_OPTIMIZATION_LEVEL = 0;
				GCC_PREPROCESSOR_DEFINITIONS = (
					"DEBUG=1",
					"$(inherited)",
				);
				GCC_WARN_64_TO_32_BIT_CONVERSION = YES;
				GCC_WARN_ABOUT_RETURN_TYPE = YES_ERROR;
				GCC_WARN_UNDECLARED_SELECTOR = YES;
				GCC_WARN_UNINITIALIZED_AUTOS = YES_AGGRESSIVE;
				GCC_WARN_UNUSED_FUNCTION = YES;
				GCC_WARN_UNUSED_VARIABLE = YES;
				IPHONEOS_DEPLOYMENT_TARGET = 9.2;
				MTL_ENABLE_DEBUG_INFO = YES;
				ONLY_ACTIVE_ARCH = YES;
				SDKROOT = iphoneos;
				SWIFT_OPTIMIZATION_LEVEL = "-Onone";
				TARGETED_DEVICE_FAMILY = "1,2";
			};
			name = Debug;
		};
		FA1642C81CC82FB6005933AB /* Release */ = {
			isa = XCBuildConfiguration;
			buildSettings = {
				ALWAYS_SEARCH_USER_PATHS = NO;
				CLANG_CXX_LANGUAGE_STANDARD = "gnu++0x";
				CLANG_CXX_LIBRARY = "libc++";
				CLANG_ENABLE_MODULES = YES;
				CLANG_ENABLE_OBJC_ARC = YES;
				CLANG_WARN_BOOL_CONVERSION = YES;
				CLANG_WARN_CONSTANT_CONVERSION = YES;
				CLANG_WARN_DIRECT_OBJC_ISA_USAGE = YES_ERROR;
				CLANG_WARN_EMPTY_BODY = YES;
				CLANG_WARN_ENUM_CONVERSION = YES;
				CLANG_WARN_INT_CONVERSION = YES;
				CLANG_WARN_OBJC_ROOT_CLASS = YES_ERROR;
				CLANG_WARN_UNREACHABLE_CODE = YES;
				CLANG_WARN__DUPLICATE_METHOD_MATCH = YES;
				"CODE_SIGN_IDENTITY[sdk=iphoneos*]" = "iPhone Developer";
				COPY_PHASE_STRIP = NO;
				DEBUG_INFORMATION_FORMAT = "dwarf-with-dsym";
				ENABLE_NS_ASSERTIONS = NO;
				ENABLE_STRICT_OBJC_MSGSEND = YES;
				GCC_C_LANGUAGE_STANDARD = gnu99;
				GCC_NO_COMMON_BLOCKS = YES;
				GCC_WARN_64_TO_32_BIT_CONVERSION = YES;
				GCC_WARN_ABOUT_RETURN_TYPE = YES_ERROR;
				GCC_WARN_UNDECLARED_SELECTOR = YES;
				GCC_WARN_UNINITIALIZED_AUTOS = YES_AGGRESSIVE;
				GCC_WARN_UNUSED_FUNCTION = YES;
				GCC_WARN_UNUSED_VARIABLE = YES;
				IPHONEOS_DEPLOYMENT_TARGET = 9.2;
				MTL_ENABLE_DEBUG_INFO = NO;
				SDKROOT = iphoneos;
				TARGETED_DEVICE_FAMILY = "1,2";
				VALIDATE_PRODUCT = YES;
			};
			name = Release;
		};
		FA1642CA1CC82FB6005933AB /* Debug */ = {
			isa = XCBuildConfiguration;
			buildSettings = {
				ASSETCATALOG_COMPILER_APPICON_NAME = AppIcon;
				INFOPLIST_FILE = Asteroids/Info.plist;
				LD_RUNPATH_SEARCH_PATHS = "$(inherited) @executable_path/Frameworks";
				PRODUCT_BUNDLE_IDENTIFIER = kanelu01.Asteroids;
				PRODUCT_NAME = "$(TARGET_NAME)";
			};
			name = Debug;
		};
		FA1642CB1CC82FB6005933AB /* Release */ = {
			isa = XCBuildConfiguration;
			buildSettings = {
				ASSETCATALOG_COMPILER_APPICON_NAME = AppIcon;
				INFOPLIST_FILE = Asteroids/Info.plist;
				LD_RUNPATH_SEARCH_PATHS = "$(inherited) @executable_path/Frameworks";
				PRODUCT_BUNDLE_IDENTIFIER = kanelu01.Asteroids;
				PRODUCT_NAME = "$(TARGET_NAME)";
			};
			name = Release;
		};
		FA1642CD1CC82FB6005933AB /* Debug */ = {
			isa = XCBuildConfiguration;
			buildSettings = {
				BUNDLE_LOADER = "$(TEST_HOST)";
				DEBUG_INFORMATION_FORMAT = dwarf;
				INFOPLIST_FILE = AsteroidsTests/Info.plist;
				LD_RUNPATH_SEARCH_PATHS = "$(inherited) @executable_path/Frameworks @loader_path/Frameworks";
				PRODUCT_BUNDLE_IDENTIFIER = kanelu01.AsteroidsTests;
				PRODUCT_NAME = "$(TARGET_NAME)";
				TEST_HOST = "$(BUILT_PRODUCTS_DIR)/Asteroids.app/Asteroids";
			};
			name = Debug;
		};
		FA1642CE1CC82FB6005933AB /* Release */ = {
			isa = XCBuildConfiguration;
			buildSettings = {
				BUNDLE_LOADER = "$(TEST_HOST)";
				INFOPLIST_FILE = AsteroidsTests/Info.plist;
				LD_RUNPATH_SEARCH_PATHS = "$(inherited) @executable_path/Frameworks @loader_path/Frameworks";
				PRODUCT_BUNDLE_IDENTIFIER = kanelu01.AsteroidsTests;
				PRODUCT_NAME = "$(TARGET_NAME)";
				TEST_HOST = "$(BUILT_PRODUCTS_DIR)/Asteroids.app/Asteroids";
			};
			name = Release;
		};
		FA1642D01CC82FB6005933AB /* Debug */ = {
			isa = XCBuildConfiguration;
			buildSettings = {
				DEBUG_INFORMATION_FORMAT = dwarf;
				INFOPLIST_FILE = AsteroidsUITests/Info.plist;
				LD_RUNPATH_SEARCH_PATHS = "$(inherited) @executable_path/Frameworks @loader_path/Frameworks";
				PRODUCT_BUNDLE_IDENTIFIER = kanelu01.AsteroidsUITests;
				PRODUCT_NAME = "$(TARGET_NAME)";
				TEST_TARGET_NAME = Asteroids;
				USES_XCTRUNNER = YES;
			};
			name = Debug;
		};
		FA1642D11CC82FB6005933AB /* Release */ = {
			isa = XCBuildConfiguration;
			buildSettings = {
				INFOPLIST_FILE = AsteroidsUITests/Info.plist;
				LD_RUNPATH_SEARCH_PATHS = "$(inherited) @executable_path/Frameworks @loader_path/Frameworks";
				PRODUCT_BUNDLE_IDENTIFIER = kanelu01.AsteroidsUITests;
				PRODUCT_NAME = "$(TARGET_NAME)";
				TEST_TARGET_NAME = Asteroids;
				USES_XCTRUNNER = YES;
			};
			name = Release;
		};
/* End XCBuildConfiguration section */

/* Begin XCConfigurationList section */
		FA1642981CC82FB5005933AB /* Build configuration list for PBXProject "Asteroids" */ = {
			isa = XCConfigurationList;
			buildConfigurations = (
				FA1642C71CC82FB6005933AB /* Debug */,
				FA1642C81CC82FB6005933AB /* Release */,
			);
			defaultConfigurationIsVisible = 0;
			defaultConfigurationName = Release;
		};
		FA1642C91CC82FB6005933AB /* Build configuration list for PBXNativeTarget "Asteroids" */ = {
			isa = XCConfigurationList;
			buildConfigurations = (
				FA1642CA1CC82FB6005933AB /* Debug */,
				FA1642CB1CC82FB6005933AB /* Release */,
			);
			defaultConfigurationIsVisible = 0;
			defaultConfigurationName = Release;
		};
		FA1642CC1CC82FB6005933AB /* Build configuration list for PBXNativeTarget "AsteroidsTests" */ = {
			isa = XCConfigurationList;
			buildConfigurations = (
				FA1642CD1CC82FB6005933AB /* Debug */,
				FA1642CE1CC82FB6005933AB /* Release */,
			);
			defaultConfigurationIsVisible = 0;
			defaultConfigurationName = Release;
		};
		FA1642CF1CC82FB6005933AB /* Build configuration list for PBXNativeTarget "AsteroidsUITests" */ = {
			isa = XCConfigurationList;
			buildConfigurations = (
				FA1642D01CC82FB6005933AB /* Debug */,
				FA1642D11CC82FB6005933AB /* Release */,
			);
			defaultConfigurationIsVisible = 0;
			defaultConfigurationName = Release;
		};
/* End XCConfigurationList section */
	};
	rootObject = FA1642951CC82FB5005933AB /* Project object */;
}
